{
  "name": "7824c28cb404aad0",
  "version": "2273.0.0",
  "lockfileVersion": 3,
  "requires": true,
  "packages": {
    "": {
      "name": "7824c28cb404aad0",
      "version": "2273.0.0",
      "devDependencies": {
        "prettier": "^3.4.2"
      },
      "peerDependencies": {
        "@observablehq/runtime": "6.0.0"
      }
    },
    "node_modules/@observablehq/runtime": {
      "version": "6.0.0",
      "resolved": "https://registry.npmjs.org/@observablehq/runtime/-/runtime-6.0.0.tgz",
      "integrity": "sha512-t3UXP69O0JK20HY/neF4/DDDSDorwo92As806Y1pNTgTmj1NtoPyVpesYzfH31gTFOFrXC2cArV+wLpebMk9eA==",
      "license": "ISC",
      "peer": true
    },
    "node_modules/prettier": {
      "version": "3.4.2",
      "resolved": "https://registry.npmjs.org/prettier/-/prettier-3.4.2.tgz",
      "integrity": "sha512-e9MewbtFo+Fevyuxn/4rrcDAaq0IYxPGLvObpQjiZBMAzB9IGmzlnG9RZy3FFas+eBMu2vA0CszMeduow5dIuQ==",
      "dev": true,
      "license": "MIT",
      "bin": {
        "prettier": "bin/prettier.cjs"
      },
      "engines": {
        "node": ">=14"
      },
      "funding": {
        "url": "https://github.com/prettier/prettier?sponsor=1"
      }
    }
  }
}
